
Microsoft Visual Studio Solution File, Format Version 12.00
# Visual Studio Version 16
VisualStudioVersion = 25.0.1706.11
MinimumVisualStudioVersion = 10.0.40219.1
Project("{FAE04EC0-301F-11D3-BF4B-00C04F79EFBC}") = "KeypadPhone", "KeypadPhone\KeypadPhone.csproj", "{73C59F14-6D9A-4FE4-89D2-ACBAC92F4390}"
EndProject
Global
	GlobalSection(SolutionConfigurationPlatforms) = preSolution
		Debug|Any CPU = Debug|Any CPU
		Release|Any CPU = Release|Any CPU
	EndGlobalSection
	GlobalSection(ProjectConfigurationPlatforms) = postSolution
		{73C59F14-6D9A-4FE4-89D2-ACBAC92F4390}.Debug|Any CPU.ActiveCfg = Debug|Any CPU
		{73C59F14-6D9A-4FE4-89D2-ACBAC92F4390}.Debug|Any CPU.Build.0 = Debug|Any CPU
		{73C59F14-6D9A-4FE4-89D2-ACBAC92F4390}.Release|Any CPU.ActiveCfg = Release|Any CPU
		{73C59F14-6D9A-4FE4-89D2-ACBAC92F4390}.Release|Any CPU.Build.0 = Release|Any CPU
	EndGlobalSection
	GlobalSection(SolutionProperties) = preSolution
		HideSolutionNode = FALSE
	EndGlobalSection
	GlobalSection(ExtensibilityGlobals) = postSolution
		SolutionGuid = {2034CEF4-F296-4A7D-A748-4F6EC5A140B9}
	EndGlobalSection
EndGlobal
